{
  "name": "@knowlet/nemoclaw-harness-sdk",
  "version": "0.3.0",
  "lockfileVersion": 3,
  "requires": true,
  "packages": {
    "": {
      "name": "@knowlet/nemoclaw-harness-sdk",
      "version": "0.3.0",
      "license": "MIT",
      "bin": {
        "nha": "bin/nha.mjs"
      },
      "engines": {
        "node": ">=22.16.0"
      }
    }
  }
}
